
Microsoft Visual Studio Solution File, Format Version 12.00
# Visual Studio 15
VisualStudioVersion = 15.0.28307.902
MinimumVisualStudioVersion = 10.0.40219.1
Project("{8BC9CEB8-8B4A-11D0-8D11-00A0C91BC942}") = "Section01", "Section01\Section01.vcxproj", "{661CEDF5-48C9-44C5-8659-E518B2C8C46C}"
EndProject
Global
	GlobalSection(SolutionConfigurationPlatforms) = preSolution
		Debug|x64 = Debug|x64
		Debug|x86 = Debug|x86
		Release|x64 = Release|x64
		Release|x86 = Release|x86
	EndGlobalSection
	GlobalSection(ProjectConfigurationPlatforms) = postSolution
		{661CEDF5-48C9-44C5-8659-E518B2C8C46C}.Debug|x64.ActiveCfg = Debug|x64
		{661CEDF5-48C9-44C5-8659-E518B2C8C46C}.Debug|x64.Build.0 = Debug|x64
		{661CEDF5-48C9-44C5-8659-E518B2C8C46C}.Debug|x86.ActiveCfg = Debug|Win32
		{661CEDF5-48C9-44C5-8659-E518B2C8C46C}.Debug|x86.Build.0 = Debug|Win32
		{661CEDF5-48C9-44C5-8659-E518B2C8C46C}.Release|x64.ActiveCfg = Release|x64
		{661CEDF5-48C9-44C5-8659-E518B2C8C46C}.Release|x64.Build.0 = Release|x64
		{661CEDF5-48C9-44C5-8659-E518B2C8C46C}.Release|x86.ActiveCfg = Release|Win32
		{661CEDF5-48C9-44C5-8659-E518B2C8C46C}.Release|x86.Build.0 = Release|Win32
	EndGlobalSection
	GlobalSection(SolutionProperties) = preSolution
		HideSolutionNode = FALSE
	EndGlobalSection
	GlobalSection(ExtensibilityGlobals) = postSolution
		SolutionGuid = {8AAA6AB0-D767-45ED-93DB-374836D3E1A0}
	EndGlobalSection
EndGlobal
